// !$*UTF8*$!
{
	archiveVersion = 1;
	classes = {
	};
	objectVersion = 56;
	objects = {

/* Begin PBXBuildFile section */
		8702CEA92A9787DB000B7758 /* LetsTravelApp.swift in Sources */ = {isa = PBXBuildFile; fileRef = 8702CEA82A9787DB000B7758 /* LetsTravelApp.swift */; };
		8702CEAB2A9787DB000B7758 /* ContentView.swift in Sources */ = {isa = PBXBuildFile; fileRef = 8702CEAA2A9787DB000B7758 /* ContentView.swift */; };
		8702CEAD2A9787DC000B7758 /* Assets.xcassets in Resources */ = {isa = PBXBuildFile; fileRef = 8702CEAC2A9787DC000B7758 /* Assets.xcassets */; };
		8702CEB02A9787DC000B7758 /* Preview Assets.xcassets in Resources */ = {isa = PBXBuildFile; fileRef = 8702CEAF2A9787DC000B7758 /* Preview Assets.xcassets */; };
		8702CEB22A9787DC000B7758 /* Persistence.swift in Sources */ = {isa = PBXBuildFile; fileRef = 8702CEB12A9787DC000B7758 /* Persistence.swift */; };
		8702CEB52A9787DC000B7758 /* LetsTravel.xcdatamodeld in Sources */ = {isa = PBXBuildFile; fileRef = 8702CEB32A9787DC000B7758 /* LetsTravel.xcdatamodeld */; };
		8702CEC52A979019000B7758 /* HomeView.swift in Sources */ = {isa = PBXBuildFile; fileRef = 8702CEC42A979019000B7758 /* HomeView.swift */; };
		8702CEC72A979035000B7758 /* CreateView.swift in Sources */ = {isa = PBXBuildFile; fileRef = 8702CEC62A979035000B7758 /* CreateView.swift */; };
		8702CEC92A979049000B7758 /* MessagesView.swift in Sources */ = {isa = PBXBuildFile; fileRef = 8702CEC82A979049000B7758 /* MessagesView.swift */; };
		8702CECC2A9792F5000B7758 /* HeaderView.swift in Sources */ = {isa = PBXBuildFile; fileRef = 8702CECB2A9792F5000B7758 /* HeaderView.swift */; };
		8702CECE2A97996F000B7758 /* NavigationBarBottom.swift in Sources */ = {isa = PBXBuildFile; fileRef = 8702CECD2A97996F000B7758 /* NavigationBarBottom.swift */; };
		8702CED12A97ACDC000B7758 /* DestinationCard.swift in Sources */ = {isa = PBXBuildFile; fileRef = 8702CED02A97ACDC000B7758 /* DestinationCard.swift */; };
		8702CED32A97AD33000B7758 /* DestinationData.swift in Sources */ = {isa = PBXBuildFile; fileRef = 8702CED22A97AD33000B7758 /* DestinationData.swift */; };
		872A11DC2AA62A77004E0D29 /* RegistrationInput.swift in Sources */ = {isa = PBXBuildFile; fileRef = 872A11DB2AA62A77004E0D29 /* RegistrationInput.swift */; };
		872A11DE2AA64591004E0D29 /* UserService.swift in Sources */ = {isa = PBXBuildFile; fileRef = 872A11DD2AA64591004E0D29 /* UserService.swift */; };
		8732086A2AA1236900586B93 /* FeedView.swift in Sources */ = {isa = PBXBuildFile; fileRef = 873208692AA1236900586B93 /* FeedView.swift */; };
		8732086C2AA1238800586B93 /* ChatView.swift in Sources */ = {isa = PBXBuildFile; fileRef = 8732086B2AA1238800586B93 /* ChatView.swift */; };
		8769CC952A9E1DBD0089004C /* NetworkRequestManager.swift in Sources */ = {isa = PBXBuildFile; fileRef = 8769CC942A9E1DBD0089004C /* NetworkRequestManager.swift */; };
		8769CC972A9FC0C60089004C /* KafkaMessagePublisher.swift in Sources */ = {isa = PBXBuildFile; fileRef = 8769CC962A9FC0C60089004C /* KafkaMessagePublisher.swift */; };
		8769CC992AA1000F0089004C /* TabSelection.swift in Sources */ = {isa = PBXBuildFile; fileRef = 8769CC982AA1000F0089004C /* TabSelection.swift */; };
		8795682B2A989D9C00BDD6AD /* DestinationView.swift in Sources */ = {isa = PBXBuildFile; fileRef = 8795682A2A989D9C00BDD6AD /* DestinationView.swift */; };
		87ABC46C2AA238B400E5E022 /* FeedCell.swift in Sources */ = {isa = PBXBuildFile; fileRef = 87ABC46B2AA238B400E5E022 /* FeedCell.swift */; };
		87ABC46E2AA2491200E5E022 /* LoginView.swift in Sources */ = {isa = PBXBuildFile; fileRef = 87ABC46D2AA2491200E5E022 /* LoginView.swift */; };
		87ABC4702AA2491C00E5E022 /* RegistrationView.swift in Sources */ = {isa = PBXBuildFile; fileRef = 87ABC46F2AA2491C00E5E022 /* RegistrationView.swift */; };
		87ABC4722AA24A1400E5E022 /* InputView.swift in Sources */ = {isa = PBXBuildFile; fileRef = 87ABC4712AA24A1400E5E022 /* InputView.swift */; };
		87ABC4742AA2527700E5E022 /* LoginViewModel.swift in Sources */ = {isa = PBXBuildFile; fileRef = 87ABC4732AA2527700E5E022 /* LoginViewModel.swift */; };
		87ABC4762AA2528000E5E022 /* RegisterViewModel.swift in Sources */ = {isa = PBXBuildFile; fileRef = 87ABC4752AA2528000E5E022 /* RegisterViewModel.swift */; };
		87ACD6E02A9911B500A08F44 /* Continent.swift in Sources */ = {isa = PBXBuildFile; fileRef = 87ACD6DF2A9911B500A08F44 /* Continent.swift */; };
		87ACD6E22A99123300A08F44 /* HomeViewModel.swift in Sources */ = {isa = PBXBuildFile; fileRef = 87ACD6E12A99123300A08F44 /* HomeViewModel.swift */; };
		87ACD6E42A9912A100A08F44 /* ContinentService.swift in Sources */ = {isa = PBXBuildFile; fileRef = 87ACD6E32A9912A100A08F44 /* ContinentService.swift */; };
		87ACD6E62A9CB4E900A08F44 /* DestinationService.swift in Sources */ = {isa = PBXBuildFile; fileRef = 87ACD6E52A9CB4E900A08F44 /* DestinationService.swift */; };
		87ACD6E82A9CB54B00A08F44 /* Destination.swift in Sources */ = {isa = PBXBuildFile; fileRef = 87ACD6E72A9CB54B00A08F44 /* Destination.swift */; };
		87AE347E2AA7A4BF00549D54 /* LoginInput.swift in Sources */ = {isa = PBXBuildFile; fileRef = 87AE347D2AA7A4BF00549D54 /* LoginInput.swift */; };
		87BCF9002AA7B106007F5F75 /* ProfileView.swift in Sources */ = {isa = PBXBuildFile; fileRef = 87BCF8FF2AA7B106007F5F75 /* ProfileView.swift */; };
		87BCF9022AA7B1BD007F5F75 /* NotificationView.swift in Sources */ = {isa = PBXBuildFile; fileRef = 87BCF9012AA7B1BD007F5F75 /* NotificationView.swift */; };
		87E2AFBF2A9CEAC800461201 /* FieldValidator.swift in Sources */ = {isa = PBXBuildFile; fileRef = 87E2AFBE2A9CEAC800461201 /* FieldValidator.swift */; };
		87F73AE42A98FDF20078B7A5 /* CreateViewModel.swift in Sources */ = {isa = PBXBuildFile; fileRef = 87F73AE32A98FDF20078B7A5 /* CreateViewModel.swift */; };
		87F73AE62A98FEA40078B7A5 /* CreateDestinationInput.swift in Sources */ = {isa = PBXBuildFile; fileRef = 87F73AE52A98FEA40078B7A5 /* CreateDestinationInput.swift */; };
/* End PBXBuildFile section */

/* Begin PBXFileReference section */
		8702CEA52A9787DB000B7758 /* LetsTravel.app */ = {isa = PBXFileReference; explicitFileType = wrapper.application; includeInIndex = 0; path = LetsTravel.app; sourceTree = BUILT_PRODUCTS_DIR; };
		8702CEA82A9787DB000B7758 /* LetsTravelApp.swift */ = {isa = PBXFileReference; lastKnownFileType = sourcecode.swift; path = LetsTravelApp.swift; sourceTree = "<group>"; };
		8702CEAA2A9787DB000B7758 /* ContentView.swift */ = {isa = PBXFileReference; lastKnownFileType = sourcecode.swift; path = ContentView.swift; sourceTree = "<group>"; };
		8702CEAC2A9787DC000B7758 /* Assets.xcassets */ = {isa = PBXFileReference; lastKnownFileType = folder.assetcatalog; path = Assets.xcassets; sourceTree = "<group>"; };
		8702CEAF2A9787DC000B7758 /* Preview Assets.xcassets */ = {isa = PBXFileReference; lastKnownFileType = folder.assetcatalog; path = "Preview Assets.xcassets"; sourceTree = "<group>"; };
		8702CEB12A9787DC000B7758 /* Persistence.swift */ = {isa = PBXFileReference; lastKnownFileType = sourcecode.swift; path = Persistence.swift; sourceTree = "<group>"; };
		8702CEB42A9787DC000B7758 /* LetsTravel.xcdatamodel */ = {isa = PBXFileReference; lastKnownFileType = wrapper.xcdatamodel; path = LetsTravel.xcdatamodel; sourceTree = "<group>"; };
		8702CEC42A979019000B7758 /* HomeView.swift */ = {isa = PBXFileReference; lastKnownFileType = sourcecode.swift; path = HomeView.swift; sourceTree = "<group>"; };
		8702CEC62A979035000B7758 /* CreateView.swift */ = {isa = PBXFileReference; lastKnownFileType = sourcecode.swift; path = CreateView.swift; sourceTree = "<group>"; wrapsLines = 0; };
		8702CEC82A979049000B7758 /* MessagesView.swift */ = {isa = PBXFileReference; lastKnownFileType = sourcecode.swift; path = MessagesView.swift; sourceTree = "<group>"; };
		8702CECB2A9792F5000B7758 /* HeaderView.swift */ = {isa = PBXFileReference; lastKnownFileType = sourcecode.swift; path = HeaderView.swift; sourceTree = "<group>"; };
		8702CECD2A97996F000B7758 /* NavigationBarBottom.swift */ = {isa = PBXFileReference; lastKnownFileType = sourcecode.swift; path = NavigationBarBottom.swift; sourceTree = "<group>"; };
		8702CED02A97ACDC000B7758 /* DestinationCard.swift */ = {isa = PBXFileReference; lastKnownFileType = sourcecode.swift; path = DestinationCard.swift; sourceTree = "<group>"; };
		8702CED22A97AD33000B7758 /* DestinationData.swift */ = {isa = PBXFileReference; lastKnownFileType = sourcecode.swift; path = DestinationData.swift; sourceTree = "<group>"; };
		872A11DB2AA62A77004E0D29 /* RegistrationInput.swift */ = {isa = PBXFileReference; lastKnownFileType = sourcecode.swift; path = RegistrationInput.swift; sourceTree = "<group>"; };
		872A11DD2AA64591004E0D29 /* UserService.swift */ = {isa = PBXFileReference; lastKnownFileType = sourcecode.swift; path = UserService.swift; sourceTree = "<group>"; };
		873208692AA1236900586B93 /* FeedView.swift */ = {isa = PBXFileReference; lastKnownFileType = sourcecode.swift; path = FeedView.swift; sourceTree = "<group>"; };
		8732086B2AA1238800586B93 /* ChatView.swift */ = {isa = PBXFileReference; lastKnownFileType = sourcecode.swift; path = ChatView.swift; sourceTree = "<group>"; };
		8769CC942A9E1DBD0089004C /* NetworkRequestManager.swift */ = {isa = PBXFileReference; lastKnownFileType = sourcecode.swift; path = NetworkRequestManager.swift; sourceTree = "<group>"; };
		8769CC962A9FC0C60089004C /* KafkaMessagePublisher.swift */ = {isa = PBXFileReference; lastKnownFileType = sourcecode.swift; path = KafkaMessagePublisher.swift; sourceTree = "<group>"; };
		8769CC982AA1000F0089004C /* TabSelection.swift */ = {isa = PBXFileReference; lastKnownFileType = sourcecode.swift; path = TabSelection.swift; sourceTree = "<group>"; };
		8795682A2A989D9C00BDD6AD /* DestinationView.swift */ = {isa = PBXFileReference; lastKnownFileType = sourcecode.swift; path = DestinationView.swift; sourceTree = "<group>"; };
		87ABC46B2AA238B400E5E022 /* FeedCell.swift */ = {isa = PBXFileReference; lastKnownFileType = sourcecode.swift; path = FeedCell.swift; sourceTree = "<group>"; };
		87ABC46D2AA2491200E5E022 /* LoginView.swift */ = {isa = PBXFileReference; lastKnownFileType = sourcecode.swift; path = LoginView.swift; sourceTree = "<group>"; };
		87ABC46F2AA2491C00E5E022 /* RegistrationView.swift */ = {isa = PBXFileReference; lastKnownFileType = sourcecode.swift; path = RegistrationView.swift; sourceTree = "<group>"; };
		87ABC4712AA24A1400E5E022 /* InputView.swift */ = {isa = PBXFileReference; lastKnownFileType = sourcecode.swift; path = InputView.swift; sourceTree = "<group>"; };
		87ABC4732AA2527700E5E022 /* LoginViewModel.swift */ = {isa = PBXFileReference; lastKnownFileType = sourcecode.swift; path = LoginViewModel.swift; sourceTree = "<group>"; };
		87ABC4752AA2528000E5E022 /* RegisterViewModel.swift */ = {isa = PBXFileReference; lastKnownFileType = sourcecode.swift; path = RegisterViewModel.swift; sourceTree = "<group>"; };
		87ACD6DF2A9911B500A08F44 /* Continent.swift */ = {isa = PBXFileReference; lastKnownFileType = sourcecode.swift; path = Continent.swift; sourceTree = "<group>"; };
		87ACD6E12A99123300A08F44 /* HomeViewModel.swift */ = {isa = PBXFileReference; lastKnownFileType = sourcecode.swift; path = HomeViewModel.swift; sourceTree = "<group>"; };
		87ACD6E32A9912A100A08F44 /* ContinentService.swift */ = {isa = PBXFileReference; lastKnownFileType = sourcecode.swift; path = ContinentService.swift; sourceTree = "<group>"; };
		87ACD6E52A9CB4E900A08F44 /* DestinationService.swift */ = {isa = PBXFileReference; lastKnownFileType = sourcecode.swift; path = DestinationService.swift; sourceTree = "<group>"; };
		87ACD6E72A9CB54B00A08F44 /* Destination.swift */ = {isa = PBXFileReference; lastKnownFileType = sourcecode.swift; path = Destination.swift; sourceTree = "<group>"; };
		87AE347D2AA7A4BF00549D54 /* LoginInput.swift */ = {isa = PBXFileReference; lastKnownFileType = sourcecode.swift; path = LoginInput.swift; sourceTree = "<group>"; };
		87BCF8FF2AA7B106007F5F75 /* ProfileView.swift */ = {isa = PBXFileReference; lastKnownFileType = sourcecode.swift; path = ProfileView.swift; sourceTree = "<group>"; };
		87BCF9012AA7B1BD007F5F75 /* NotificationView.swift */ = {isa = PBXFileReference; lastKnownFileType = sourcecode.swift; path = NotificationView.swift; sourceTree = "<group>"; };
		87E2AFBE2A9CEAC800461201 /* FieldValidator.swift */ = {isa = PBXFileReference; lastKnownFileType = sourcecode.swift; path = FieldValidator.swift; sourceTree = "<group>"; };
		87F73AE32A98FDF20078B7A5 /* CreateViewModel.swift */ = {isa = PBXFileReference; lastKnownFileType = sourcecode.swift; path = CreateViewModel.swift; sourceTree = "<group>"; };
		87F73AE52A98FEA40078B7A5 /* CreateDestinationInput.swift */ = {isa = PBXFileReference; lastKnownFileType = sourcecode.swift; path = CreateDestinationInput.swift; sourceTree = "<group>"; };
/* End PBXFileReference section */

/* Begin PBXFrameworksBuildPhase section */
		8702CEA22A9787DB000B7758 /* Frameworks */ = {
			isa = PBXFrameworksBuildPhase;
			buildActionMask = 2147483647;
			files = (
			);
			runOnlyForDeploymentPostprocessing = 0;
		};
/* End PBXFrameworksBuildPhase section */

/* Begin PBXGroup section */
		8702CE9C2A9787DB000B7758 = {
			isa = PBXGroup;
			children = (
				8702CEC32A978DE0000B7758 /* Persistence */,
				8702CEA72A9787DB000B7758 /* LetsTravel */,
				8702CEA62A9787DB000B7758 /* Products */,
			);
			sourceTree = "<group>";
		};
		8702CEA62A9787DB000B7758 /* Products */ = {
			isa = PBXGroup;
			children = (
				8702CEA52A9787DB000B7758 /* LetsTravel.app */,
			);
			name = Products;
			sourceTree = "<group>";
		};
		8702CEA72A9787DB000B7758 /* LetsTravel */ = {
			isa = PBXGroup;
			children = (
				87F73AE22A98FDE00078B7A5 /* ViewModel */,
				8702CEBB2A978944000B7758 /* Views */,
				8702CEC22A978C63000B7758 /* Resources */,
				8702CEC12A978C5C000B7758 /* Utilities */,
				8702CEBF2A978C45000B7758 /* Services */,
				8702CEBE2A978C40000B7758 /* Models */,
				8702CEA82A9787DB000B7758 /* LetsTravelApp.swift */,
				8702CEAC2A9787DC000B7758 /* Assets.xcassets */,
				8702CEB32A9787DC000B7758 /* LetsTravel.xcdatamodeld */,
				8702CEAE2A9787DC000B7758 /* Preview Content */,
			);
			path = LetsTravel;
			sourceTree = "<group>";
		};
		8702CEAE2A9787DC000B7758 /* Preview Content */ = {
			isa = PBXGroup;
			children = (
				8702CEAF2A9787DC000B7758 /* Preview Assets.xcassets */,
			);
			path = "Preview Content";
			sourceTree = "<group>";
		};
		8702CEBB2A978944000B7758 /* Views */ = {
			isa = PBXGroup;
			children = (
				8702CECF2A97ACC5000B7758 /* AdditionalViews */,
				8702CECA2A9792E3000B7758 /* ReusableViews */,
				8702CEAA2A9787DB000B7758 /* ContentView.swift */,
				8702CEC42A979019000B7758 /* HomeView.swift */,
				8702CEC62A979035000B7758 /* CreateView.swift */,
				8702CEC82A979049000B7758 /* MessagesView.swift */,
				8795682A2A989D9C00BDD6AD /* DestinationView.swift */,
				873208692AA1236900586B93 /* FeedView.swift */,
				87ABC46D2AA2491200E5E022 /* LoginView.swift */,
				87ABC46F2AA2491C00E5E022 /* RegistrationView.swift */,
				87BCF8FF2AA7B106007F5F75 /* ProfileView.swift */,
				87BCF9012AA7B1BD007F5F75 /* NotificationView.swift */,
			);
			path = Views;
			sourceTree = "<group>";
		};
		8702CEBE2A978C40000B7758 /* Models */ = {
			isa = PBXGroup;
			children = (
				8702CED22A97AD33000B7758 /* DestinationData.swift */,
				87F73AE52A98FEA40078B7A5 /* CreateDestinationInput.swift */,
				87ACD6DF2A9911B500A08F44 /* Continent.swift */,
				87ACD6E72A9CB54B00A08F44 /* Destination.swift */,
				872A11DB2AA62A77004E0D29 /* RegistrationInput.swift */,
				87AE347D2AA7A4BF00549D54 /* LoginInput.swift */,
			);
			path = Models;
			sourceTree = "<group>";
		};
		8702CEBF2A978C45000B7758 /* Services */ = {
			isa = PBXGroup;
			children = (
				87ACD6E32A9912A100A08F44 /* ContinentService.swift */,
				87ACD6E52A9CB4E900A08F44 /* DestinationService.swift */,
				8769CC942A9E1DBD0089004C /* NetworkRequestManager.swift */,
				872A11DD2AA64591004E0D29 /* UserService.swift */,
			);
			path = Services;
			sourceTree = "<group>";
		};
		8702CEC12A978C5C000B7758 /* Utilities */ = {
			isa = PBXGroup;
			children = (
				87E2AFBE2A9CEAC800461201 /* FieldValidator.swift */,
				8769CC962A9FC0C60089004C /* KafkaMessagePublisher.swift */,
				8769CC982AA1000F0089004C /* TabSelection.swift */,
			);
			path = Utilities;
			sourceTree = "<group>";
		};
		8702CEC22A978C63000B7758 /* Resources */ = {
			isa = PBXGroup;
			children = (
			);
			path = Resources;
			sourceTree = "<group>";
		};
		8702CEC32A978DE0000B7758 /* Persistence */ = {
			isa = PBXGroup;
			children = (
				8702CEB12A9787DC000B7758 /* Persistence.swift */,
			);
			path = Persistence;
			sourceTree = "<group>";
		};
		8702CECA2A9792E3000B7758 /* ReusableViews */ = {
			isa = PBXGroup;
			children = (
				8702CECB2A9792F5000B7758 /* HeaderView.swift */,
				8702CECD2A97996F000B7758 /* NavigationBarBottom.swift */,
			);
			path = ReusableViews;
			sourceTree = "<group>";
		};
		8702CECF2A97ACC5000B7758 /* AdditionalViews */ = {
			isa = PBXGroup;
			children = (
				8702CED02A97ACDC000B7758 /* DestinationCard.swift */,
				8732086B2AA1238800586B93 /* ChatView.swift */,
				87ABC46B2AA238B400E5E022 /* FeedCell.swift */,
				87ABC4712AA24A1400E5E022 /* InputView.swift */,
			);
			path = AdditionalViews;
			sourceTree = "<group>";
		};
		87F73AE22A98FDE00078B7A5 /* ViewModel */ = {
			isa = PBXGroup;
			children = (
				87F73AE32A98FDF20078B7A5 /* CreateViewModel.swift */,
				87ACD6E12A99123300A08F44 /* HomeViewModel.swift */,
				87ABC4732AA2527700E5E022 /* LoginViewModel.swift */,
				87ABC4752AA2528000E5E022 /* RegisterViewModel.swift */,
			);
			path = ViewModel;
			sourceTree = "<group>";
		};
/* End PBXGroup section */

/* Begin PBXNativeTarget section */
		8702CEA42A9787DB000B7758 /* LetsTravel */ = {
			isa = PBXNativeTarget;
			buildConfigurationList = 8702CEB82A9787DC000B7758 /* Build configuration list for PBXNativeTarget "LetsTravel" */;
			buildPhases = (
				8702CEA12A9787DB000B7758 /* Sources */,
				8702CEA22A9787DB000B7758 /* Frameworks */,
				8702CEA32A9787DB000B7758 /* Resources */,
			);
			buildRules = (
			);
			dependencies = (
			);
			name = LetsTravel;
			productName = LetsTravel;
			productReference = 8702CEA52A9787DB000B7758 /* LetsTravel.app */;
			productType = "com.apple.product-type.application";
		};
/* End PBXNativeTarget section */

/* Begin PBXProject section */
		8702CE9D2A9787DB000B7758 /* Project object */ = {
			isa = PBXProject;
			attributes = {
				BuildIndependentTargetsInParallel = 1;
				LastSwiftUpdateCheck = 1430;
				LastUpgradeCheck = 1430;
				TargetAttributes = {
					8702CEA42A9787DB000B7758 = {
						CreatedOnToolsVersion = 14.3.1;
					};
				};
			};
			buildConfigurationList = 8702CEA02A9787DB000B7758 /* Build configuration list for PBXProject "LetsTravel" */;
			compatibilityVersion = "Xcode 14.0";
			developmentRegion = en;
			hasScannedForEncodings = 0;
			knownRegions = (
				en,
				Base,
			);
			mainGroup = 8702CE9C2A9787DB000B7758;
			productRefGroup = 8702CEA62A9787DB000B7758 /* Products */;
			projectDirPath = "";
			projectRoot = "";
			targets = (
				8702CEA42A9787DB000B7758 /* LetsTravel */,
			);
		};
/* End PBXProject section */

/* Begin PBXResourcesBuildPhase section */
		8702CEA32A9787DB000B7758 /* Resources */ = {
			isa = PBXResourcesBuildPhase;
			buildActionMask = 2147483647;
			files = (
				8702CEB02A9787DC000B7758 /* Preview Assets.xcassets in Resources */,
				8702CEAD2A9787DC000B7758 /* Assets.xcassets in Resources */,
			);
			runOnlyForDeploymentPostprocessing = 0;
		};
/* End PBXResourcesBuildPhase section */

/* Begin PBXSourcesBuildPhase section */
		8702CEA12A9787DB000B7758 /* Sources */ = {
			isa = PBXSourcesBuildPhase;
			buildActionMask = 2147483647;
			files = (
				8702CED12A97ACDC000B7758 /* DestinationCard.swift in Sources */,
				87ACD6E42A9912A100A08F44 /* ContinentService.swift in Sources */,
				8702CECE2A97996F000B7758 /* NavigationBarBottom.swift in Sources */,
				87ABC4762AA2528000E5E022 /* RegisterViewModel.swift in Sources */,
				8702CEB22A9787DC000B7758 /* Persistence.swift in Sources */,
				87F73AE62A98FEA40078B7A5 /* CreateDestinationInput.swift in Sources */,
				872A11DE2AA64591004E0D29 /* UserService.swift in Sources */,
				8702CEB52A9787DC000B7758 /* LetsTravel.xcdatamodeld in Sources */,
				8732086C2AA1238800586B93 /* ChatView.swift in Sources */,
				87AE347E2AA7A4BF00549D54 /* LoginInput.swift in Sources */,
				87ACD6E22A99123300A08F44 /* HomeViewModel.swift in Sources */,
				87ABC46C2AA238B400E5E022 /* FeedCell.swift in Sources */,
				87BCF9002AA7B106007F5F75 /* ProfileView.swift in Sources */,
				87F73AE42A98FDF20078B7A5 /* CreateViewModel.swift in Sources */,
				87ACD6E82A9CB54B00A08F44 /* Destination.swift in Sources */,
				87ACD6E62A9CB4E900A08F44 /* DestinationService.swift in Sources */,
				872A11DC2AA62A77004E0D29 /* RegistrationInput.swift in Sources */,
				8732086A2AA1236900586B93 /* FeedView.swift in Sources */,
				8702CEAB2A9787DB000B7758 /* ContentView.swift in Sources */,
				8702CEC52A979019000B7758 /* HomeView.swift in Sources */,
				8702CEC92A979049000B7758 /* MessagesView.swift in Sources */,
				87ABC4702AA2491C00E5E022 /* RegistrationView.swift in Sources */,
				87ABC4742AA2527700E5E022 /* LoginViewModel.swift in Sources */,
				8769CC952A9E1DBD0089004C /* NetworkRequestManager.swift in Sources */,
				8795682B2A989D9C00BDD6AD /* DestinationView.swift in Sources */,
				8702CEC72A979035000B7758 /* CreateView.swift in Sources */,
				87ACD6E02A9911B500A08F44 /* Continent.swift in Sources */,
				8702CED32A97AD33000B7758 /* DestinationData.swift in Sources */,
				87ABC46E2AA2491200E5E022 /* LoginView.swift in Sources */,
				87E2AFBF2A9CEAC800461201 /* FieldValidator.swift in Sources */,
				8769CC972A9FC0C60089004C /* KafkaMessagePublisher.swift in Sources */,
				8702CEA92A9787DB000B7758 /* LetsTravelApp.swift in Sources */,
				87ABC4722AA24A1400E5E022 /* InputView.swift in Sources */,
				8769CC992AA1000F0089004C /* TabSelection.swift in Sources */,
				8702CECC2A9792F5000B7758 /* HeaderView.swift in Sources */,
				87BCF9022AA7B1BD007F5F75 /* NotificationView.swift in Sources */,
			);
			runOnlyForDeploymentPostprocessing = 0;
		};
/* End PBXSourcesBuildPhase section */

/* Begin XCBuildConfiguration section */
		8702CEB62A9787DC000B7758 /* Debug */ = {
			isa = XCBuildConfiguration;
			buildSettings = {
				ALWAYS_SEARCH_USER_PATHS = NO;
				CLANG_ANALYZER_NONNULL = YES;
				CLANG_ANALYZER_NUMBER_OBJECT_CONVERSION = YES_AGGRESSIVE;
				CLANG_CXX_LANGUAGE_STANDARD = "gnu++20";
				CLANG_ENABLE_MODULES = YES;
				CLANG_ENABLE_OBJC_ARC = YES;
				CLANG_ENABLE_OBJC_WEAK = YES;
				CLANG_WARN_BLOCK_CAPTURE_AUTORELEASING = YES;
				CLANG_WARN_BOOL_CONVERSION = YES;
				CLANG_WARN_COMMA = YES;
				CLANG_WARN_CONSTANT_CONVERSION = YES;
				CLANG_WARN_DEPRECATED_OBJC_IMPLEMENTATIONS = YES;
				CLANG_WARN_DIRECT_OBJC_ISA_USAGE = YES_ERROR;
				CLANG_WARN_DOCUMENTATION_COMMENTS = YES;
				CLANG_WARN_EMPTY_BODY = YES;
				CLANG_WARN_ENUM_CONVERSION = YES;
				CLANG_WARN_INFINITE_RECURSION = YES;
				CLANG_WARN_INT_CONVERSION = YES;
				CLANG_WARN_NON_LITERAL_NULL_CONVERSION = YES;
				CLANG_WARN_OBJC_IMPLICIT_RETAIN_SELF = YES;
				CLANG_WARN_OBJC_LITERAL_CONVERSION = YES;
				CLANG_WARN_OBJC_ROOT_CLASS = YES_ERROR;
				CLANG_WARN_QUOTED_INCLUDE_IN_FRAMEWORK_HEADER = YES;
				CLANG_WARN_RANGE_LOOP_ANALYSIS = YES;
				CLANG_WARN_STRICT_PROTOTYPES = YES;
				CLANG_WARN_SUSPICIOUS_MOVE = YES;
				CLANG_WARN_UNGUARDED_AVAILABILITY = YES_AGGRESSIVE;
				CLANG_WARN_UNREACHABLE_CODE = YES;
				CLANG_WARN__DUPLICATE_METHOD_MATCH = YES;
				COPY_PHASE_STRIP = NO;
				DEBUG_INFORMATION_FORMAT = dwarf;
				ENABLE_STRICT_OBJC_MSGSEND = YES;
				ENABLE_TESTABILITY = YES;
				GCC_C_LANGUAGE_STANDARD = gnu11;
				GCC_DYNAMIC_NO_PIC = NO;
				GCC_NO_COMMON_BLOCKS = YES;
				GCC_OPTIMIZATION_LEVEL = 0;
				GCC_PREPROCESSOR_DEFINITIONS = (
					"DEBUG=1",
					"$(inherited)",
				);
				GCC_WARN_64_TO_32_BIT_CONVERSION = YES;
				GCC_WARN_ABOUT_RETURN_TYPE = YES_ERROR;
				GCC_WARN_UNDECLARED_SELECTOR = YES;
				GCC_WARN_UNINITIALIZED_AUTOS = YES_AGGRESSIVE;
				GCC_WARN_UNUSED_FUNCTION = YES;
				GCC_WARN_UNUSED_VARIABLE = YES;
				IPHONEOS_DEPLOYMENT_TARGET = 16.4;
				MTL_ENABLE_DEBUG_INFO = INCLUDE_SOURCE;
				MTL_FAST_MATH = YES;
				ONLY_ACTIVE_ARCH = YES;
				SDKROOT = iphoneos;
				SWIFT_ACTIVE_COMPILATION_CONDITIONS = DEBUG;
				SWIFT_OPTIMIZATION_LEVEL = "-Onone";
			};
			name = Debug;
		};
		8702CEB72A9787DC000B7758 /* Release */ = {
			isa = XCBuildConfiguration;
			buildSettings = {
				ALWAYS_SEARCH_USER_PATHS = NO;
				CLANG_ANALYZER_NONNULL = YES;
				CLANG_ANALYZER_NUMBER_OBJECT_CONVERSION = YES_AGGRESSIVE;
				CLANG_CXX_LANGUAGE_STANDARD = "gnu++20";
				CLANG_ENABLE_MODULES = YES;
				CLANG_ENABLE_OBJC_ARC = YES;
				CLANG_ENABLE_OBJC_WEAK = YES;
				CLANG_WARN_BLOCK_CAPTURE_AUTORELEASING = YES;
				CLANG_WARN_BOOL_CONVERSION = YES;
				CLANG_WARN_COMMA = YES;
				CLANG_WARN_CONSTANT_CONVERSION = YES;
				CLANG_WARN_DEPRECATED_OBJC_IMPLEMENTATIONS = YES;
				CLANG_WARN_DIRECT_OBJC_ISA_USAGE = YES_ERROR;
				CLANG_WARN_DOCUMENTATION_COMMENTS = YES;
				CLANG_WARN_EMPTY_BODY = YES;
				CLANG_WARN_ENUM_CONVERSION = YES;
				CLANG_WARN_INFINITE_RECURSION = YES;
				CLANG_WARN_INT_CONVERSION = YES;
				CLANG_WARN_NON_LITERAL_NULL_CONVERSION = YES;
				CLANG_WARN_OBJC_IMPLICIT_RETAIN_SELF = YES;
				CLANG_WARN_OBJC_LITERAL_CONVERSION = YES;
				CLANG_WARN_OBJC_ROOT_CLASS = YES_ERROR;
				CLANG_WARN_QUOTED_INCLUDE_IN_FRAMEWORK_HEADER = YES;
				CLANG_WARN_RANGE_LOOP_ANALYSIS = YES;
				CLANG_WARN_STRICT_PROTOTYPES = YES;
				CLANG_WARN_SUSPICIOUS_MOVE = YES;
				CLANG_WARN_UNGUARDED_AVAILABILITY = YES_AGGRESSIVE;
				CLANG_WARN_UNREACHABLE_CODE = YES;
				CLANG_WARN__DUPLICATE_METHOD_MATCH = YES;
				COPY_PHASE_STRIP = NO;
				DEBUG_INFORMATION_FORMAT = "dwarf-with-dsym";
				ENABLE_NS_ASSERTIONS = NO;
				ENABLE_STRICT_OBJC_MSGSEND = YES;
				GCC_C_LANGUAGE_STANDARD = gnu11;
				GCC_NO_COMMON_BLOCKS = YES;
				GCC_WARN_64_TO_32_BIT_CONVERSION = YES;
				GCC_WARN_ABOUT_RETURN_TYPE = YES_ERROR;
				GCC_WARN_UNDECLARED_SELECTOR = YES;
				GCC_WARN_UNINITIALIZED_AUTOS = YES_AGGRESSIVE;
				GCC_WARN_UNUSED_FUNCTION = YES;
				GCC_WARN_UNUSED_VARIABLE = YES;
				IPHONEOS_DEPLOYMENT_TARGET = 16.4;
				MTL_ENABLE_DEBUG_INFO = NO;
				MTL_FAST_MATH = YES;
				SDKROOT = iphoneos;
				SWIFT_COMPILATION_MODE = wholemodule;
				SWIFT_OPTIMIZATION_LEVEL = "-O";
				VALIDATE_PRODUCT = YES;
			};
			name = Release;
		};
		8702CEB92A9787DC000B7758 /* Debug */ = {
			isa = XCBuildConfiguration;
			buildSettings = {
				ASSETCATALOG_COMPILER_APPICON_NAME = AppIcon;
				ASSETCATALOG_COMPILER_GLOBAL_ACCENT_COLOR_NAME = AccentColor;
				CODE_SIGN_STYLE = Automatic;
				CURRENT_PROJECT_VERSION = 1;
				DEVELOPMENT_ASSET_PATHS = "\"LetsTravel/Preview Content\"";
				DEVELOPMENT_TEAM = UMD6XTF67G;
				ENABLE_PREVIEWS = YES;
				GENERATE_INFOPLIST_FILE = YES;
				INFOPLIST_KEY_UIApplicationSceneManifest_Generation = YES;
				INFOPLIST_KEY_UIApplicationSupportsIndirectInputEvents = YES;
				INFOPLIST_KEY_UILaunchScreen_Generation = YES;
				INFOPLIST_KEY_UISupportedInterfaceOrientations_iPad = "UIInterfaceOrientationPortrait UIInterfaceOrientationPortraitUpsideDown UIInterfaceOrientationLandscapeLeft UIInterfaceOrientationLandscapeRight";
				INFOPLIST_KEY_UISupportedInterfaceOrientations_iPhone = "UIInterfaceOrientationPortrait UIInterfaceOrientationLandscapeLeft UIInterfaceOrientationLandscapeRight";
				LD_RUNPATH_SEARCH_PATHS = (
					"$(inherited)",
					"@executable_path/Frameworks",
				);
				MARKETING_VERSION = 1.0;
				PRODUCT_BUNDLE_IDENTIFIER = ernekz.LetsTravel;
				PRODUCT_NAME = "$(TARGET_NAME)";
				SWIFT_EMIT_LOC_STRINGS = YES;
				SWIFT_VERSION = 5.0;
				TARGETED_DEVICE_FAMILY = "1,2";
			};
			name = Debug;
		};
		8702CEBA2A9787DC000B7758 /* Release */ = {
			isa = XCBuildConfiguration;
			buildSettings = {
				ASSETCATALOG_COMPILER_APPICON_NAME = AppIcon;
				ASSETCATALOG_COMPILER_GLOBAL_ACCENT_COLOR_NAME = AccentColor;
				CODE_SIGN_STYLE = Automatic;
				CURRENT_PROJECT_VERSION = 1;
				DEVELOPMENT_ASSET_PATHS = "\"LetsTravel/Preview Content\"";
				DEVELOPMENT_TEAM = UMD6XTF67G;
				ENABLE_PREVIEWS = YES;
				GENERATE_INFOPLIST_FILE = YES;
				INFOPLIST_KEY_UIApplicationSceneManifest_Generation = YES;
				INFOPLIST_KEY_UIApplicationSupportsIndirectInputEvents = YES;
				INFOPLIST_KEY_UILaunchScreen_Generation = YES;
				INFOPLIST_KEY_UISupportedInterfaceOrientations_iPad = "UIInterfaceOrientationPortrait UIInterfaceOrientationPortraitUpsideDown UIInterfaceOrientationLandscapeLeft UIInterfaceOrientationLandscapeRight";
				INFOPLIST_KEY_UISupportedInterfaceOrientations_iPhone = "UIInterfaceOrientationPortrait UIInterfaceOrientationLandscapeLeft UIInterfaceOrientationLandscapeRight";
				LD_RUNPATH_SEARCH_PATHS = (
					"$(inherited)",
					"@executable_path/Frameworks",
				);
				MARKETING_VERSION = 1.0;
				PRODUCT_BUNDLE_IDENTIFIER = ernekz.LetsTravel;
				PRODUCT_NAME = "$(TARGET_NAME)";
				SWIFT_EMIT_LOC_STRINGS = YES;
				SWIFT_VERSION = 5.0;
				TARGETED_DEVICE_FAMILY = "1,2";
			};
			name = Release;
		};
/* End XCBuildConfiguration section */

/* Begin XCConfigurationList section */
		8702CEA02A9787DB000B7758 /* Build configuration list for PBXProject "LetsTravel" */ = {
			isa = XCConfigurationList;
			buildConfigurations = (
				8702CEB62A9787DC000B7758 /* Debug */,
				8702CEB72A9787DC000B7758 /* Release */,
			);
			defaultConfigurationIsVisible = 0;
			defaultConfigurationName = Release;
		};
		8702CEB82A9787DC000B7758 /* Build configuration list for PBXNativeTarget "LetsTravel" */ = {
			isa = XCConfigurationList;
			buildConfigurations = (
				8702CEB92A9787DC000B7758 /* Debug */,
				8702CEBA2A9787DC000B7758 /* Release */,
			);
			defaultConfigurationIsVisible = 0;
			defaultConfigurationName = Release;
		};
/* End XCConfigurationList section */

/* Begin XCVersionGroup section */
		8702CEB32A9787DC000B7758 /* LetsTravel.xcdatamodeld */ = {
			isa = XCVersionGroup;
			children = (
				8702CEB42A9787DC000B7758 /* LetsTravel.xcdatamodel */,
			);
			currentVersion = 8702CEB42A9787DC000B7758 /* LetsTravel.xcdatamodel */;
			path = LetsTravel.xcdatamodeld;
			sourceTree = "<group>";
			versionGroupType = wrapper.xcdatamodel;
		};
/* End XCVersionGroup section */
	};
	rootObject = 8702CE9D2A9787DB000B7758 /* Project object */;
}
